
Microsoft Visual Studio Solution File, Format Version 12.00
# Visual Studio Version 17
VisualStudioVersion = 17.14.36310.24
MinimumVisualStudioVersion = 10.0.40219.1
Project("{FAE04EC0-301F-11D3-BF4B-00C04F79EFBC}") = "Ejercicio 1.5 [Comercio]", "Ejercicio 1.5 [Comercio].csproj", "{F29CB4CE-05D5-461C-987D-0DCD44801A81}"
EndProject
Project("{FAE04EC0-301F-11D3-BF4B-00C04F79EFBC}") = "ComercioApiRest", "..\ComercioApiRest\ComercioApiRest.csproj", "{2BD85715-C98B-0EBB-4173-0A3ADD7EFCFB}"
EndProject
Global
	GlobalSection(SolutionConfigurationPlatforms) = preSolution
		Debug|Any CPU = Debug|Any CPU
		Release|Any CPU = Release|Any CPU
	EndGlobalSection
	GlobalSection(ProjectConfigurationPlatforms) = postSolution
		{F29CB4CE-05D5-461C-987D-0DCD44801A81}.Debug|Any CPU.ActiveCfg = Debug|Any CPU
		{F29CB4CE-05D5-461C-987D-0DCD44801A81}.Debug|Any CPU.Build.0 = Debug|Any CPU
		{F29CB4CE-05D5-461C-987D-0DCD44801A81}.Release|Any CPU.ActiveCfg = Release|Any CPU
		{F29CB4CE-05D5-461C-987D-0DCD44801A81}.Release|Any CPU.Build.0 = Release|Any CPU
		{2BD85715-C98B-0EBB-4173-0A3ADD7EFCFB}.Debug|Any CPU.ActiveCfg = Debug|Any CPU
		{2BD85715-C98B-0EBB-4173-0A3ADD7EFCFB}.Debug|Any CPU.Build.0 = Debug|Any CPU
		{2BD85715-C98B-0EBB-4173-0A3ADD7EFCFB}.Release|Any CPU.ActiveCfg = Release|Any CPU
		{2BD85715-C98B-0EBB-4173-0A3ADD7EFCFB}.Release|Any CPU.Build.0 = Release|Any CPU
	EndGlobalSection
	GlobalSection(SolutionProperties) = preSolution
		HideSolutionNode = FALSE
	EndGlobalSection
	GlobalSection(ExtensibilityGlobals) = postSolution
		SolutionGuid = {133746AC-89FB-4C27-8FE5-ACEBA7F584B7}
	EndGlobalSection
EndGlobal
